github.com/davecgh/go-spew v1.1.1 h1:vj9j/u1bqnvCEfJOwUhtlOARqs3+rkHYY13jYWTU97c=
github.com/davecgh/go-spew v1.1.1/go.mod h1:J7Y8YcW2NihsgmVo/mv3lAwl/skON4iLHjSsI+c5H38=
github.com/jackpal/gateway v1.0.10 h1:7g3fDo4Cd3RnTu6PzAfw6poO4Y81uNxrxFQFsBFSzJM=
github.com/jackpal/gateway v1.0.10/go.mod h1:+uPBgIllrbkwYCAoDkGSZbjvpre/bGYAFCYIcrH+LHs=
github.com/pkg/term v1.1.0 h1:xIAAdCMh3QIAy+5FrE8Ad8XoDhEU4ufwbaSozViP9kk=
github.com/pkg/term v1.1.0/go.mod h1:E25nymQcrSllhX42Ok8MRm1+hyBdHY0dCeiKZ9jpNGw=
github.com/pmezard/go-difflib v1.0.0 h1:4DBwDE0NGyQoBHbLQYPwSUPoCMWR5BEzIk/f1lZbAQM=
github.com/pmezard/go-difflib v1.0.0/go.mod h1:iKH77koFhYxTK1pcRnkKkqfTogsbg7gZNVY4sRDYZ/4=
github.com/richardwilkes/toolbox v1.89.0 h1:8lV1FEFKEspUDU924cVZD62xxh0ol1zMOJgctKQBCAU=
github.com/richardwilkes/toolbox v1.89.0/go.mod h1:2hAVaZr4o+RbnN8W2K13cJzq+VZMv86kEMYY0EZdx2I=
github.com/stretchr/testify v1.8.4 h1:CcVxjf3Q8PM0mHUKJCdn+eZZtm5yQwehR5yeSVQQcUk=
github.com/stretchr/testify v1.8.4/go.mod h1:sz/lmYIOXD/1dqDmKjjqLyZ2RngseejIcXlSw2iwfAo=
github.com/yookoala/realpath v1.0.0 h1:7OA9pj4FZd+oZDsyvXWQvjn5oBdcHRTV44PpdMSuImQ=
github.com/yookoala/realpath v1.0.0/go.mod h1:gJJMA9wuX7AcqLy1+ffPatSCySA1FQ2S8Ya9AIoYBpE=
github.com/zeebo/bencode v1.0.0 h1:zgop0Wu1nu4IexAZeCZ5qbsjU4O1vMrfCrVgUjbHVuA=
github.com/zeebo/bencode v1.0.0/go.mod h1:Ct7CkrWIQuLWAy9M3atFHYq4kG9Ao/SsY5cdtCXmp9Y=
golang.org/x/exp v0.0.0-20230801115018-d63ba01acd4b h1:r+vk0EmXNmekl0S0BascoeeoHk/L7wmaW2QF90K+kYI=
golang.org/x/exp v0.0.0-20230801115018-d63ba01acd4b/go.mod h1:FXUEEKJgO7OQYeo8N01OfiKP8RXMtf6e8aTskBGqWdc=
golang.org/x/net v0.14.0 h1:BONx9s002vGdD9umnlX1Po8vOZmrgH34qlHcD1MfK14=
golang.org/x/net v0.14.0/go.mod h1:PpSgVXXLK0OxS0F31C1/tv6XNguvCrnXIDrFMspZIUI=
golang.org/x/sys v0.0.0-20200909081042-eff7692f9009/go.mod h1:h1NjWce9XRLGQEsW7wpKNCjG9DtNlClVuFLEZdDNbEs=
golang.org/x/sys v0.11.0 h1:eG7RXZHdqOJ1i+0lgLgCpSXAp6M3LYlAo6osgSi0xOM=
golang.org/x/sys v0.11.0/go.mod h1:oPkhp1MJrh7nUepCBck5+mAzfO9JrbApNNgaTdGDITg=
gopkg.in/check.v1 v0.0.0-20161208181325-20d25e280405 h1:yhCVgyC4o1eVCa2tZl7eS0r+SDo693bJlVdllGtEeKM=
gopkg.in/check.v1 v0.0.0-20161208181325-20d25e280405/go.mod h1:Co6ibVJAznAaIkqp8huTwlJQCZ016jof/cbN4VW5Yz0=
gopkg.in/yaml.v3 v3.0.1 h1:fxVm/GzAzEWqLHuvctI91KS9hhNmmWOoWu0XTYJS7CA=
gopkg.in/yaml.v3 v3.0.1/go.mod h1:K4uyk7z7BCEPqu6E+C64Yfv1cQ7kz7rIZviUmN+EgEM=
